{
  "name": "1415fee72ff6294b",
  "lockfileVersion": 3,
  "requires": true,
  "packages": {
    "": {
      "dependencies": {
        "create-vite": "^4.3.2"
      }
    },
    "node_modules/create-vite": {
      "version": "4.3.2",
      "resolved": "https://registry.npmjs.org/create-vite/-/create-vite-4.3.2.tgz",
      "integrity": "sha512-06SE3okEJD9r792cY1ZvtNVZgiVx8+mrx4Vfph8+GTVjwStAc4noSEvBLy9CJaeAVhpKBWBbc3Wzl1gUoScVvA==",
      "bin": {
        "create-vite": "index.js",
        "cva": "index.js"
      },
      "engines": {
        "node": "^14.18.0 || >=16.0.0"
      }
    }
  }
}
