{
  "name": "4.9",
  "lockfileVersion": 3,
  "requires": true,
  "packages": {
    "": {
      "dependencies": {
        "types-registry": "^0.1.637"
      }
    },
    "node_modules/types-registry": {
      "version": "0.1.637",
      "resolved": "https://registry.npmjs.org/types-registry/-/types-registry-0.1.637.tgz",
      "integrity": "sha512-FvzTGHqyowUB2YC6/FgWF9LipiDDF9JD3TE2++a6pN/7m4O0EhLodKzafKWt1CiY1jYvWNe7hr6m+SZ2i1i3Bg=="
    }
  }
}
